
Microsoft Visual Studio Solution File, Format Version 12.00
# Visual Studio Version 17
VisualStudioVersion = 17.13.35825.156
MinimumVisualStudioVersion = 10.0.40219.1
Project("{FAE04EC0-301F-11D3-BF4B-00C04F79EFBC}") = "FreeBilling.Web", "FreeBilling.Web\FreeBilling.Web.csproj", "{FBB5F3AE-D181-4F26-BF7A-7A44BD6CE602}"
EndProject
Global
	GlobalSection(SolutionConfigurationPlatforms) = preSolution
		Debug|Any CPU = Debug|Any CPU
		Release|Any CPU = Release|Any CPU
	EndGlobalSection
	GlobalSection(ProjectConfigurationPlatforms) = postSolution
		{FBB5F3AE-D181-4F26-BF7A-7A44BD6CE602}.Debug|Any CPU.ActiveCfg = Debug|Any CPU
		{FBB5F3AE-D181-4F26-BF7A-7A44BD6CE602}.Debug|Any CPU.Build.0 = Debug|Any CPU
		{FBB5F3AE-D181-4F26-BF7A-7A44BD6CE602}.Release|Any CPU.ActiveCfg = Release|Any CPU
		{FBB5F3AE-D181-4F26-BF7A-7A44BD6CE602}.Release|Any CPU.Build.0 = Release|Any CPU
	EndGlobalSection
	GlobalSection(SolutionProperties) = preSolution
		HideSolutionNode = FALSE
	EndGlobalSection
	GlobalSection(ExtensibilityGlobals) = postSolution
		SolutionGuid = {55F48616-5EC4-4DFD-97C5-A580D5E2BFB1}
	EndGlobalSection
EndGlobal
